// !$*UTF8*$!
{
	archiveVersion = 1;
	classes = {
	};
	objectVersion = 46;
	objects = {

/* Begin PBXBuildFile section */
		030DCC9C1A74F2150077F826 /* ZLPanGestureRecognizer.m in Sources */ = {isa = PBXBuildFile; fileRef = 030DCC991A74F2150077F826 /* ZLPanGestureRecognizer.m */; };
		030DCC9D1A74F2150077F826 /* ZLSwipeableView.m in Sources */ = {isa = PBXBuildFile; fileRef = 030DCC9B1A74F2150077F826 /* ZLSwipeableView.m */; };
		030DCCA01A74F21F0077F826 /* SwipeViewController.m in Sources */ = {isa = PBXBuildFile; fileRef = 030DCC9F1A74F21F0077F826 /* SwipeViewController.m */; };
		030DCCA71A74F25B0077F826 /* CardView.xib in Resources */ = {isa = PBXBuildFile; fileRef = 030DCCA61A74F25B0077F826 /* CardView.xib */; };
		030DCCAA1A74F2720077F826 /* CardView.m in Sources */ = {isa = PBXBuildFile; fileRef = 030DCCA91A74F2720077F826 /* CardView.m */; };
		030DCCAD1A74FB5B0077F826 /* MainViewController.m in Sources */ = {isa = PBXBuildFile; fileRef = 030DCCAC1A74FB5B0077F826 /* MainViewController.m */; };
		030DCCAF1A74FBB20077F826 /* MapKit.framework in Frameworks */ = {isa = PBXBuildFile; fileRef = 030DCCAE1A74FBB20077F826 /* MapKit.framework */; };
		030DCCB21A751E6C0077F826 /* SwipeableViewController.m in Sources */ = {isa = PBXBuildFile; fileRef = 030DCCB11A751E6C0077F826 /* SwipeableViewController.m */; };
		030DCCB41A752FB20077F826 /* annotation.png in Resources */ = {isa = PBXBuildFile; fileRef = 030DCCB31A752FB20077F826 /* annotation.png */; };
		030DCCB61A753A420077F826 /* icon.png in Resources */ = {isa = PBXBuildFile; fileRef = 030DCCB51A753A420077F826 /* icon.png */; };
		030DCCB81A753B000077F826 /* launch.png in Resources */ = {isa = PBXBuildFile; fileRef = 030DCCB71A753B000077F826 /* launch.png */; };
		030DCCBA1A753C4D0077F826 /* phonescreen.png in Resources */ = {isa = PBXBuildFile; fileRef = 030DCCB91A753C4D0077F826 /* phonescreen.png */; };
		03C554161A747F8C00BF76EE /* LoginViewController.m in Sources */ = {isa = PBXBuildFile; fileRef = 03C554151A747F8C00BF76EE /* LoginViewController.m */; };
		03C554181A74844200BF76EE /* ParseFacebookUtils.framework in Frameworks */ = {isa = PBXBuildFile; fileRef = 03C554171A74844200BF76EE /* ParseFacebookUtils.framework */; };
		03C5541A1A74844B00BF76EE /* FacebookSDK.framework in Frameworks */ = {isa = PBXBuildFile; fileRef = 03C554191A74844B00BF76EE /* FacebookSDK.framework */; };
		03C5541C1A74847A00BF76EE /* Parse.framework in Frameworks */ = {isa = PBXBuildFile; fileRef = 03C5541B1A74847A00BF76EE /* Parse.framework */; };
		03C5541E1A74852100BF76EE /* CFNetwork.framework in Frameworks */ = {isa = PBXBuildFile; fileRef = 03C5541D1A74852100BF76EE /* CFNetwork.framework */; };
		03C554201A74852600BF76EE /* Security.framework in Frameworks */ = {isa = PBXBuildFile; fileRef = 03C5541F1A74852600BF76EE /* Security.framework */; };
		03C554221A74853200BF76EE /* SystemConfiguration.framework in Frameworks */ = {isa = PBXBuildFile; fileRef = 03C554211A74853200BF76EE /* SystemConfiguration.framework */; };
		03C554241A74859C00BF76EE /* Social.framework in Frameworks */ = {isa = PBXBuildFile; fileRef = 03C554231A74859C00BF76EE /* Social.framework */; };
		03C554261A7485AC00BF76EE /* AudioToolbox.framework in Frameworks */ = {isa = PBXBuildFile; fileRef = 03C554251A7485AC00BF76EE /* AudioToolbox.framework */; };
		03C554281A7485C200BF76EE /* MobileCoreServices.framework in Frameworks */ = {isa = PBXBuildFile; fileRef = 03C554271A7485C200BF76EE /* MobileCoreServices.framework */; };
		03C5542A1A7485D500BF76EE /* CoreData.framework in Frameworks */ = {isa = PBXBuildFile; fileRef = 03C554291A7485D500BF76EE /* CoreData.framework */; };
		03C5542C1A7485E600BF76EE /* QuartzCore.framework in Frameworks */ = {isa = PBXBuildFile; fileRef = 03C5542B1A7485E600BF76EE /* QuartzCore.framework */; };
		03C554301A74865D00BF76EE /* StoreKit.framework in Frameworks */ = {isa = PBXBuildFile; fileRef = 03C5542F1A74865D00BF76EE /* StoreKit.framework */; };
		03C554321A74866C00BF76EE /* CoreLocation.framework in Frameworks */ = {isa = PBXBuildFile; fileRef = 03C554311A74866C00BF76EE /* CoreLocation.framework */; };
		03C554341A74867100BF76EE /* CoreGraphics.framework in Frameworks */ = {isa = PBXBuildFile; fileRef = 03C554331A74867100BF76EE /* CoreGraphics.framework */; };
		03C554361A7486B600BF76EE /* libz.dylib in Frameworks */ = {isa = PBXBuildFile; fileRef = 03C554351A7486B600BF76EE /* libz.dylib */; };
		03C554381A7486CD00BF76EE /* libsqlite3.dylib in Frameworks */ = {isa = PBXBuildFile; fileRef = 03C554371A7486CD00BF76EE /* libsqlite3.dylib */; };
		45DDA3E7CFBC558341E181B7 /* libPods.a in Frameworks */ = {isa = PBXBuildFile; fileRef = 245A7751DC6CB688E2269A6E /* libPods.a */; };
		7A014E461A74DF740012FADA /* Main.storyboard in Resources */ = {isa = PBXBuildFile; fileRef = 7A014E451A74DF740012FADA /* Main.storyboard */; };
		7A43F8E11A74732200501CC3 /* main.m in Sources */ = {isa = PBXBuildFile; fileRef = 7A43F8E01A74732200501CC3 /* main.m */; };
		7A43F8E41A74732200501CC3 /* AppDelegate.m in Sources */ = {isa = PBXBuildFile; fileRef = 7A43F8E31A74732200501CC3 /* AppDelegate.m */; };
		7A43F8EC1A74732200501CC3 /* Images.xcassets in Resources */ = {isa = PBXBuildFile; fileRef = 7A43F8EB1A74732200501CC3 /* Images.xcassets */; };
		7A43F9081A74733C00501CC3 /* PhoneNumberVerificationClient.m in Sources */ = {isa = PBXBuildFile; fileRef = 7A43F9051A74733C00501CC3 /* PhoneNumberVerificationClient.m */; };
		7A43F9091A74733C00501CC3 /* PhoneNumberVerificationViewController.m in Sources */ = {isa = PBXBuildFile; fileRef = 7A43F9071A74733C00501CC3 /* PhoneNumberVerificationViewController.m */; };
		7ACB1E641A74925E00A54698 /* LocationPermissionViewController.m in Sources */ = {isa = PBXBuildFile; fileRef = 7ACB1E631A74925E00A54698 /* LocationPermissionViewController.m */; };
		7ACB1E6A1A7496F300A54698 /* LocationController.m in Sources */ = {isa = PBXBuildFile; fileRef = 7ACB1E691A7496F300A54698 /* LocationController.m */; };
		7ACB1E6D1A74989300A54698 /* ServerClient.m in Sources */ = {isa = PBXBuildFile; fileRef = 7ACB1E6C1A74989300A54698 /* ServerClient.m */; };
/* End PBXBuildFile section */

/* Begin PBXFileReference section */
		030DCC981A74F2150077F826 /* ZLPanGestureRecognizer.h */ = {isa = PBXFileReference; fileEncoding = 4; lastKnownFileType = sourcecode.c.h; path = ZLPanGestureRecognizer.h; sourceTree = "<group>"; };
		030DCC991A74F2150077F826 /* ZLPanGestureRecognizer.m */ = {isa = PBXFileReference; fileEncoding = 4; lastKnownFileType = sourcecode.c.objc; path = ZLPanGestureRecognizer.m; sourceTree = "<group>"; };
		030DCC9A1A74F2150077F826 /* ZLSwipeableView.h */ = {isa = PBXFileReference; fileEncoding = 4; lastKnownFileType = sourcecode.c.h; path = ZLSwipeableView.h; sourceTree = "<group>"; };
		030DCC9B1A74F2150077F826 /* ZLSwipeableView.m */ = {isa = PBXFileReference; fileEncoding = 4; lastKnownFileType = sourcecode.c.objc; path = ZLSwipeableView.m; sourceTree = "<group>"; };
		030DCC9E1A74F21F0077F826 /* SwipeViewController.h */ = {isa = PBXFileReference; fileEncoding = 4; lastKnownFileType = sourcecode.c.h; path = SwipeViewController.h; sourceTree = "<group>"; };
		030DCC9F1A74F21F0077F826 /* SwipeViewController.m */ = {isa = PBXFileReference; fileEncoding = 4; lastKnownFileType = sourcecode.c.objc; path = SwipeViewController.m; sourceTree = "<group>"; };
		030DCCA61A74F25B0077F826 /* CardView.xib */ = {isa = PBXFileReference; fileEncoding = 4; lastKnownFileType = file.xib; path = CardView.xib; sourceTree = "<group>"; };
		030DCCA81A74F2720077F826 /* CardView.h */ = {isa = PBXFileReference; fileEncoding = 4; lastKnownFileType = sourcecode.c.h; path = CardView.h; sourceTree = "<group>"; };
		030DCCA91A74F2720077F826 /* CardView.m */ = {isa = PBXFileReference; fileEncoding = 4; lastKnownFileType = sourcecode.c.objc; path = CardView.m; sourceTree = "<group>"; };
		030DCCAB1A74FB5B0077F826 /* MainViewController.h */ = {isa = PBXFileReference; fileEncoding = 4; lastKnownFileType = sourcecode.c.h; path = MainViewController.h; sourceTree = "<group>"; };
		030DCCAC1A74FB5B0077F826 /* MainViewController.m */ = {isa = PBXFileReference; fileEncoding = 4; lastKnownFileType = sourcecode.c.objc; path = MainViewController.m; sourceTree = "<group>"; };
		030DCCAE1A74FBB20077F826 /* MapKit.framework */ = {isa = PBXFileReference; lastKnownFileType = wrapper.framework; name = MapKit.framework; path = System/Library/Frameworks/MapKit.framework; sourceTree = SDKROOT; };
		030DCCB01A751E6C0077F826 /* SwipeableViewController.h */ = {isa = PBXFileReference; fileEncoding = 4; lastKnownFileType = sourcecode.c.h; path = SwipeableViewController.h; sourceTree = "<group>"; };
		030DCCB11A751E6C0077F826 /* SwipeableViewController.m */ = {isa = PBXFileReference; fileEncoding = 4; lastKnownFileType = sourcecode.c.objc; path = SwipeableViewController.m; sourceTree = "<group>"; };
		030DCCB31A752FB20077F826 /* annotation.png */ = {isa = PBXFileReference; lastKnownFileType = image.png; path = annotation.png; sourceTree = "<group>"; };
		030DCCB51A753A420077F826 /* icon.png */ = {isa = PBXFileReference; lastKnownFileType = image.png; path = icon.png; sourceTree = "<group>"; };
		030DCCB71A753B000077F826 /* launch.png */ = {isa = PBXFileReference; lastKnownFileType = image.png; path = launch.png; sourceTree = "<group>"; };
		030DCCB91A753C4D0077F826 /* phonescreen.png */ = {isa = PBXFileReference; lastKnownFileType = image.png; path = phonescreen.png; sourceTree = "<group>"; };
		03C554141A747F8C00BF76EE /* LoginViewController.h */ = {isa = PBXFileReference; fileEncoding = 4; lastKnownFileType = sourcecode.c.h; path = LoginViewController.h; sourceTree = "<group>"; };
		03C554151A747F8C00BF76EE /* LoginViewController.m */ = {isa = PBXFileReference; fileEncoding = 4; lastKnownFileType = sourcecode.c.objc; path = LoginViewController.m; sourceTree = "<group>"; };
		03C554171A74844200BF76EE /* ParseFacebookUtils.framework */ = {isa = PBXFileReference; lastKnownFileType = wrapper.framework; path = ParseFacebookUtils.framework; sourceTree = "<group>"; };
		03C554191A74844B00BF76EE /* FacebookSDK.framework */ = {isa = PBXFileReference; lastKnownFileType = wrapper.framework; path = FacebookSDK.framework; sourceTree = "<group>"; };
		03C5541B1A74847A00BF76EE /* Parse.framework */ = {isa = PBXFileReference; lastKnownFileType = wrapper.framework; path = Parse.framework; sourceTree = "<group>"; };
		03C5541D1A74852100BF76EE /* CFNetwork.framework */ = {isa = PBXFileReference; lastKnownFileType = wrapper.framework; name = CFNetwork.framework; path = System/Library/Frameworks/CFNetwork.framework; sourceTree = SDKROOT; };
		03C5541F1A74852600BF76EE /* Security.framework */ = {isa = PBXFileReference; lastKnownFileType = wrapper.framework; name = Security.framework; path = System/Library/Frameworks/Security.framework; sourceTree = SDKROOT; };
		03C554211A74853200BF76EE /* SystemConfiguration.framework */ = {isa = PBXFileReference; lastKnownFileType = wrapper.framework; name = SystemConfiguration.framework; path = System/Library/Frameworks/SystemConfiguration.framework; sourceTree = SDKROOT; };
		03C554231A74859C00BF76EE /* Social.framework */ = {isa = PBXFileReference; lastKnownFileType = wrapper.framework; name = Social.framework; path = System/Library/Frameworks/Social.framework; sourceTree = SDKROOT; };
		03C554251A7485AC00BF76EE /* AudioToolbox.framework */ = {isa = PBXFileReference; lastKnownFileType = wrapper.framework; name = AudioToolbox.framework; path = System/Library/Frameworks/AudioToolbox.framework; sourceTree = SDKROOT; };
		03C554271A7485C200BF76EE /* MobileCoreServices.framework */ = {isa = PBXFileReference; lastKnownFileType = wrapper.framework; name = MobileCoreServices.framework; path = System/Library/Frameworks/MobileCoreServices.framework; sourceTree = SDKROOT; };
		03C554291A7485D500BF76EE /* CoreData.framework */ = {isa = PBXFileReference; lastKnownFileType = wrapper.framework; name = CoreData.framework; path = System/Library/Frameworks/CoreData.framework; sourceTree = SDKROOT; };
		03C5542B1A7485E600BF76EE /* QuartzCore.framework */ = {isa = PBXFileReference; lastKnownFileType = wrapper.framework; name = QuartzCore.framework; path = System/Library/Frameworks/QuartzCore.framework; sourceTree = SDKROOT; };
		03C5542D1A7485EC00BF76EE /* libz.1.1.3.dylib */ = {isa = PBXFileReference; lastKnownFileType = "compiled.mach-o.dylib"; name = libz.1.1.3.dylib; path = usr/lib/libz.1.1.3.dylib; sourceTree = SDKROOT; };
		03C5542F1A74865D00BF76EE /* StoreKit.framework */ = {isa = PBXFileReference; lastKnownFileType = wrapper.framework; name = StoreKit.framework; path = System/Library/Frameworks/StoreKit.framework; sourceTree = SDKROOT; };
		03C554311A74866C00BF76EE /* CoreLocation.framework */ = {isa = PBXFileReference; lastKnownFileType = wrapper.framework; name = CoreLocation.framework; path = System/Library/Frameworks/CoreLocation.framework; sourceTree = SDKROOT; };
		03C554331A74867100BF76EE /* CoreGraphics.framework */ = {isa = PBXFileReference; lastKnownFileType = wrapper.framework; name = CoreGraphics.framework; path = System/Library/Frameworks/CoreGraphics.framework; sourceTree = SDKROOT; };
		03C554351A7486B600BF76EE /* libz.dylib */ = {isa = PBXFileReference; lastKnownFileType = "compiled.mach-o.dylib"; name = libz.dylib; path = usr/lib/libz.dylib; sourceTree = SDKROOT; };
		03C554371A7486CD00BF76EE /* libsqlite3.dylib */ = {isa = PBXFileReference; lastKnownFileType = "compiled.mach-o.dylib"; name = libsqlite3.dylib; path = usr/lib/libsqlite3.dylib; sourceTree = SDKROOT; };
		245A7751DC6CB688E2269A6E /* libPods.a */ = {isa = PBXFileReference; explicitFileType = archive.ar; includeInIndex = 0; path = libPods.a; sourceTree = BUILT_PRODUCTS_DIR; };
		2A1DA86A4B7F3153A2B32059 /* Pods.release.xcconfig */ = {isa = PBXFileReference; includeInIndex = 1; lastKnownFileType = text.xcconfig; name = Pods.release.xcconfig; path = "Pods/Target Support Files/Pods/Pods.release.xcconfig"; sourceTree = "<group>"; };
		64F5692D88B1703234C73803 /* Pods.debug.xcconfig */ = {isa = PBXFileReference; includeInIndex = 1; lastKnownFileType = text.xcconfig; name = Pods.debug.xcconfig; path = "Pods/Target Support Files/Pods/Pods.debug.xcconfig"; sourceTree = "<group>"; };
		7A014E451A74DF740012FADA /* Main.storyboard */ = {isa = PBXFileReference; fileEncoding = 4; lastKnownFileType = file.storyboard; path = Main.storyboard; sourceTree = "<group>"; };
		7A43F8DB1A74732200501CC3 /* MissedConnections.app */ = {isa = PBXFileReference; explicitFileType = wrapper.application; includeInIndex = 0; path = MissedConnections.app; sourceTree = BUILT_PRODUCTS_DIR; };
		7A43F8DF1A74732200501CC3 /* Info.plist */ = {isa = PBXFileReference; lastKnownFileType = text.plist.xml; path = Info.plist; sourceTree = "<group>"; };
		7A43F8E01A74732200501CC3 /* main.m */ = {isa = PBXFileReference; lastKnownFileType = sourcecode.c.objc; path = main.m; sourceTree = "<group>"; };
		7A43F8E21A74732200501CC3 /* AppDelegate.h */ = {isa = PBXFileReference; lastKnownFileType = sourcecode.c.h; path = AppDelegate.h; sourceTree = "<group>"; };
		7A43F8E31A74732200501CC3 /* AppDelegate.m */ = {isa = PBXFileReference; lastKnownFileType = sourcecode.c.objc; path = AppDelegate.m; sourceTree = "<group>"; };
		7A43F8EB1A74732200501CC3 /* Images.xcassets */ = {isa = PBXFileReference; lastKnownFileType = folder.assetcatalog; path = Images.xcassets; sourceTree = "<group>"; };
		7A43F9041A74733C00501CC3 /* PhoneNumberVerificationClient.h */ = {isa = PBXFileReference; fileEncoding = 4; lastKnownFileType = sourcecode.c.h; path = PhoneNumberVerificationClient.h; sourceTree = "<group>"; };
		7A43F9051A74733C00501CC3 /* PhoneNumberVerificationClient.m */ = {isa = PBXFileReference; fileEncoding = 4; lastKnownFileType = sourcecode.c.objc; path = PhoneNumberVerificationClient.m; sourceTree = "<group>"; };
		7A43F9061A74733C00501CC3 /* PhoneNumberVerificationViewController.h */ = {isa = PBXFileReference; fileEncoding = 4; lastKnownFileType = sourcecode.c.h; path = PhoneNumberVerificationViewController.h; sourceTree = "<group>"; };
		7A43F9071A74733C00501CC3 /* PhoneNumberVerificationViewController.m */ = {isa = PBXFileReference; fileEncoding = 4; lastKnownFileType = sourcecode.c.objc; path = PhoneNumberVerificationViewController.m; sourceTree = "<group>"; };
		7ACB1E621A74925E00A54698 /* LocationPermissionViewController.h */ = {isa = PBXFileReference; fileEncoding = 4; lastKnownFileType = sourcecode.c.h; path = LocationPermissionViewController.h; sourceTree = "<group>"; };
		7ACB1E631A74925E00A54698 /* LocationPermissionViewController.m */ = {isa = PBXFileReference; fileEncoding = 4; lastKnownFileType = sourcecode.c.objc; path = LocationPermissionViewController.m; sourceTree = "<group>"; };
		7ACB1E681A7496F300A54698 /* LocationController.h */ = {isa = PBXFileReference; fileEncoding = 4; lastKnownFileType = sourcecode.c.h; path = LocationController.h; sourceTree = "<group>"; };
		7ACB1E691A7496F300A54698 /* LocationController.m */ = {isa = PBXFileReference; fileEncoding = 4; lastKnownFileType = sourcecode.c.objc; path = LocationController.m; sourceTree = "<group>"; };
		7ACB1E6B1A74989300A54698 /* ServerClient.h */ = {isa = PBXFileReference; fileEncoding = 4; lastKnownFileType = sourcecode.c.h; path = ServerClient.h; sourceTree = "<group>"; };
		7ACB1E6C1A74989300A54698 /* ServerClient.m */ = {isa = PBXFileReference; fileEncoding = 4; lastKnownFileType = sourcecode.c.objc; path = ServerClient.m; sourceTree = "<group>"; };
/* End PBXFileReference section */

/* Begin PBXFrameworksBuildPhase section */
		7A43F8D81A74732200501CC3 /* Frameworks */ = {
			isa = PBXFrameworksBuildPhase;
			buildActionMask = 2147483647;
			files = (
				030DCCAF1A74FBB20077F826 /* MapKit.framework in Frameworks */,
				03C554321A74866C00BF76EE /* CoreLocation.framework in Frameworks */,
				03C554381A7486CD00BF76EE /* libsqlite3.dylib in Frameworks */,
				03C554361A7486B600BF76EE /* libz.dylib in Frameworks */,
				03C554341A74867100BF76EE /* CoreGraphics.framework in Frameworks */,
				03C554301A74865D00BF76EE /* StoreKit.framework in Frameworks */,
				03C5542C1A7485E600BF76EE /* QuartzCore.framework in Frameworks */,
				03C5542A1A7485D500BF76EE /* CoreData.framework in Frameworks */,
				03C554281A7485C200BF76EE /* MobileCoreServices.framework in Frameworks */,
				03C554201A74852600BF76EE /* Security.framework in Frameworks */,
				03C554261A7485AC00BF76EE /* AudioToolbox.framework in Frameworks */,
				03C554241A74859C00BF76EE /* Social.framework in Frameworks */,
				03C554221A74853200BF76EE /* SystemConfiguration.framework in Frameworks */,
				03C5541E1A74852100BF76EE /* CFNetwork.framework in Frameworks */,
				03C554181A74844200BF76EE /* ParseFacebookUtils.framework in Frameworks */,
				45DDA3E7CFBC558341E181B7 /* libPods.a in Frameworks */,
				03C5541C1A74847A00BF76EE /* Parse.framework in Frameworks */,
				03C5541A1A74844B00BF76EE /* FacebookSDK.framework in Frameworks */,
			);
			runOnlyForDeploymentPostprocessing = 0;
		};
/* End PBXFrameworksBuildPhase section */

/* Begin PBXGroup section */
		030DCC971A74F2150077F826 /* ZLSwipeableView */ = {
			isa = PBXGroup;
			children = (
				030DCC981A74F2150077F826 /* ZLPanGestureRecognizer.h */,
				030DCC991A74F2150077F826 /* ZLPanGestureRecognizer.m */,
				030DCC9A1A74F2150077F826 /* ZLSwipeableView.h */,
				030DCC9B1A74F2150077F826 /* ZLSwipeableView.m */,
			);
			path = ZLSwipeableView;
			sourceTree = "<group>";
		};
		066D13D7E8BE9BEE6C835150 /* Pods */ = {
			isa = PBXGroup;
			children = (
				64F5692D88B1703234C73803 /* Pods.debug.xcconfig */,
				2A1DA86A4B7F3153A2B32059 /* Pods.release.xcconfig */,
			);
			name = Pods;
			sourceTree = "<group>";
		};
		415BBB051A74D0EF00EE6BA2 /* Login View Controller */ = {
			isa = PBXGroup;
			children = (
				03C554141A747F8C00BF76EE /* LoginViewController.h */,
				03C554151A747F8C00BF76EE /* LoginViewController.m */,
			);
			name = "Login View Controller";
			sourceTree = "<group>";
		};
		7A43F8D21A74732200501CC3 = {
			isa = PBXGroup;
			children = (
				03C5541B1A74847A00BF76EE /* Parse.framework */,
				03C554191A74844B00BF76EE /* FacebookSDK.framework */,
				03C554171A74844200BF76EE /* ParseFacebookUtils.framework */,
				7A43F8DD1A74732200501CC3 /* MissedConnections */,
				7A43F8DC1A74732200501CC3 /* Products */,
				066D13D7E8BE9BEE6C835150 /* Pods */,
				DFF27B1BB0C3EE8F4FA1C932 /* Frameworks */,
			);
			sourceTree = "<group>";
		};
		7A43F8DC1A74732200501CC3 /* Products */ = {
			isa = PBXGroup;
			children = (
				7A43F8DB1A74732200501CC3 /* MissedConnections.app */,
			);
			name = Products;
			sourceTree = "<group>";
		};
		7A43F8DD1A74732200501CC3 /* MissedConnections */ = {
			isa = PBXGroup;
			children = (
				030DCC971A74F2150077F826 /* ZLSwipeableView */,
				7A43F8E21A74732200501CC3 /* AppDelegate.h */,
				7A43F8E31A74732200501CC3 /* AppDelegate.m */,
				030DCC9E1A74F21F0077F826 /* SwipeViewController.h */,
				030DCC9F1A74F21F0077F826 /* SwipeViewController.m */,
				7A43F9041A74733C00501CC3 /* PhoneNumberVerificationClient.h */,
				7A43F9051A74733C00501CC3 /* PhoneNumberVerificationClient.m */,
				7A43F9061A74733C00501CC3 /* PhoneNumberVerificationViewController.h */,
				7A43F9071A74733C00501CC3 /* PhoneNumberVerificationViewController.m */,
				7ACB1E621A74925E00A54698 /* LocationPermissionViewController.h */,
				7ACB1E631A74925E00A54698 /* LocationPermissionViewController.m */,
				7ACB1E681A7496F300A54698 /* LocationController.h */,
				7ACB1E691A7496F300A54698 /* LocationController.m */,
				030DCCAB1A74FB5B0077F826 /* MainViewController.h */,
				030DCCAC1A74FB5B0077F826 /* MainViewController.m */,
				030DCCB01A751E6C0077F826 /* SwipeableViewController.h */,
				030DCCB11A751E6C0077F826 /* SwipeableViewController.m */,
				7ACB1E6B1A74989300A54698 /* ServerClient.h */,
				7ACB1E6C1A74989300A54698 /* ServerClient.m */,
				030DCCA81A74F2720077F826 /* CardView.h */,
				030DCCA91A74F2720077F826 /* CardView.m */,
				030DCCA61A74F25B0077F826 /* CardView.xib */,
				030DCCB31A752FB20077F826 /* annotation.png */,
				030DCCB51A753A420077F826 /* icon.png */,
				030DCCB71A753B000077F826 /* launch.png */,
				030DCCB91A753C4D0077F826 /* phonescreen.png */,
				7A43F8EB1A74732200501CC3 /* Images.xcassets */,
				415BBB051A74D0EF00EE6BA2 /* Login View Controller */,
				7A014E451A74DF740012FADA /* Main.storyboard */,
				7A43F8DE1A74732200501CC3 /* Supporting Files */,
			);
			path = MissedConnections;
			sourceTree = "<group>";
		};
		7A43F8DE1A74732200501CC3 /* Supporting Files */ = {
			isa = PBXGroup;
			children = (
				7A43F8DF1A74732200501CC3 /* Info.plist */,
				7A43F8E01A74732200501CC3 /* main.m */,
			);
			name = "Supporting Files";
			sourceTree = "<group>";
		};
		DFF27B1BB0C3EE8F4FA1C932 /* Frameworks */ = {
			isa = PBXGroup;
			children = (
				030DCCAE1A74FBB20077F826 /* MapKit.framework */,
				03C554371A7486CD00BF76EE /* libsqlite3.dylib */,
				03C554351A7486B600BF76EE /* libz.dylib */,
				03C554331A74867100BF76EE /* CoreGraphics.framework */,
				03C554311A74866C00BF76EE /* CoreLocation.framework */,
				03C5542F1A74865D00BF76EE /* StoreKit.framework */,
				03C5542D1A7485EC00BF76EE /* libz.1.1.3.dylib */,
				03C5542B1A7485E600BF76EE /* QuartzCore.framework */,
				03C554291A7485D500BF76EE /* CoreData.framework */,
				03C554271A7485C200BF76EE /* MobileCoreServices.framework */,
				03C554251A7485AC00BF76EE /* AudioToolbox.framework */,
				03C554231A74859C00BF76EE /* Social.framework */,
				03C554211A74853200BF76EE /* SystemConfiguration.framework */,
				03C5541F1A74852600BF76EE /* Security.framework */,
				03C5541D1A74852100BF76EE /* CFNetwork.framework */,
				245A7751DC6CB688E2269A6E /* libPods.a */,
			);
			name = Frameworks;
			sourceTree = "<group>";
		};
/* End PBXGroup section */

/* Begin PBXNativeTarget section */
		7A43F8DA1A74732200501CC3 /* MissedConnections */ = {
			isa = PBXNativeTarget;
			buildConfigurationList = 7A43F8FE1A74732200501CC3 /* Build configuration list for PBXNativeTarget "MissedConnections" */;
			buildPhases = (
				7E2D3B12197958692E3D6457 /* Check Pods Manifest.lock */,
				7A43F8D71A74732200501CC3 /* Sources */,
				7A43F8D81A74732200501CC3 /* Frameworks */,
				7A43F8D91A74732200501CC3 /* Resources */,
				C48DE6F77E0FAE792B5C179A /* Copy Pods Resources */,
			);
			buildRules = (
			);
			dependencies = (
			);
			name = MissedConnections;
			productName = MissedConnections;
			productReference = 7A43F8DB1A74732200501CC3 /* MissedConnections.app */;
			productType = "com.apple.product-type.application";
		};
/* End PBXNativeTarget section */

/* Begin PBXProject section */
		7A43F8D31A74732200501CC3 /* Project object */ = {
			isa = PBXProject;
			attributes = {
				LastUpgradeCheck = 0610;
				ORGANIZATIONNAME = "Adrien Truong";
				TargetAttributes = {
					7A43F8DA1A74732200501CC3 = {
						CreatedOnToolsVersion = 6.1.1;
						DevelopmentTeam = 9478W97JG2;
						SystemCapabilities = {
							com.apple.BackgroundModes = {
								enabled = 1;
							};
						};
					};
				};
			};
			buildConfigurationList = 7A43F8D61A74732200501CC3 /* Build configuration list for PBXProject "MissedConnections" */;
			compatibilityVersion = "Xcode 3.2";
			developmentRegion = English;
			hasScannedForEncodings = 0;
			knownRegions = (
				en,
				Base,
			);
			mainGroup = 7A43F8D21A74732200501CC3;
			productRefGroup = 7A43F8DC1A74732200501CC3 /* Products */;
			projectDirPath = "";
			projectRoot = "";
			targets = (
				7A43F8DA1A74732200501CC3 /* MissedConnections */,
			);
		};
/* End PBXProject section */

/* Begin PBXResourcesBuildPhase section */
		7A43F8D91A74732200501CC3 /* Resources */ = {
			isa = PBXResourcesBuildPhase;
			buildActionMask = 2147483647;
			files = (
				030DCCBA1A753C4D0077F826 /* phonescreen.png in Resources */,
				030DCCB81A753B000077F826 /* launch.png in Resources */,
				030DCCB41A752FB20077F826 /* annotation.png in Resources */,
				030DCCB61A753A420077F826 /* icon.png in Resources */,
				7A43F8EC1A74732200501CC3 /* Images.xcassets in Resources */,
				7A014E461A74DF740012FADA /* Main.storyboard in Resources */,
				030DCCA71A74F25B0077F826 /* CardView.xib in Resources */,
			);
			runOnlyForDeploymentPostprocessing = 0;
		};
/* End PBXResourcesBuildPhase section */

/* Begin PBXShellScriptBuildPhase section */
		7E2D3B12197958692E3D6457 /* Check Pods Manifest.lock */ = {
			isa = PBXShellScriptBuildPhase;
			buildActionMask = 2147483647;
			files = (
			);
			inputPaths = (
			);
			name = "Check Pods Manifest.lock";
			outputPaths = (
			);
			runOnlyForDeploymentPostprocessing = 0;
			shellPath = /bin/sh;
			shellScript = "diff \"${PODS_ROOT}/../Podfile.lock\" \"${PODS_ROOT}/Manifest.lock\" > /dev/null\nif [[ $? != 0 ]] ; then\n    cat << EOM\nerror: The sandbox is not in sync with the Podfile.lock. Run 'pod install' or update your CocoaPods installation.\nEOM\n    exit 1\nfi\n";
			showEnvVarsInLog = 0;
		};
		C48DE6F77E0FAE792B5C179A /* Copy Pods Resources */ = {
			isa = PBXShellScriptBuildPhase;
			buildActionMask = 2147483647;
			files = (
			);
			inputPaths = (
			);
			name = "Copy Pods Resources";
			outputPaths = (
			);
			runOnlyForDeploymentPostprocessing = 0;
			shellPath = /bin/sh;
			shellScript = "\"${SRCROOT}/Pods/Target Support Files/Pods/Pods-resources.sh\"\n";
			showEnvVarsInLog = 0;
		};
/* End PBXShellScriptBuildPhase section */

/* Begin PBXSourcesBuildPhase section */
		7A43F8D71A74732200501CC3 /* Sources */ = {
			isa = PBXSourcesBuildPhase;
			buildActionMask = 2147483647;
			files = (
				7A43F8E41A74732200501CC3 /* AppDelegate.m in Sources */,
				7A43F8E11A74732200501CC3 /* main.m in Sources */,
				030DCC9C1A74F2150077F826 /* ZLPanGestureRecognizer.m in Sources */,
				030DCCB21A751E6C0077F826 /* SwipeableViewController.m in Sources */,
				7A43F9081A74733C00501CC3 /* PhoneNumberVerificationClient.m in Sources */,
				030DCCAD1A74FB5B0077F826 /* MainViewController.m in Sources */,
				7A43F9091A74733C00501CC3 /* PhoneNumberVerificationViewController.m in Sources */,
				7ACB1E641A74925E00A54698 /* LocationPermissionViewController.m in Sources */,
				030DCCAA1A74F2720077F826 /* CardView.m in Sources */,
				7ACB1E6A1A7496F300A54698 /* LocationController.m in Sources */,
				030DCC9D1A74F2150077F826 /* ZLSwipeableView.m in Sources */,
				03C554161A747F8C00BF76EE /* LoginViewController.m in Sources */,
				030DCCA01A74F21F0077F826 /* SwipeViewController.m in Sources */,
				7ACB1E6D1A74989300A54698 /* ServerClient.m in Sources */,
			);
			runOnlyForDeploymentPostprocessing = 0;
		};
/* End PBXSourcesBuildPhase section */

/* Begin XCBuildConfiguration section */
		7A43F8FC1A74732200501CC3 /* Debug */ = {
			isa = XCBuildConfiguration;
			buildSettings = {
				ALWAYS_SEARCH_USER_PATHS = NO;
				CLANG_CXX_LANGUAGE_STANDARD = "gnu++0x";
				CLANG_CXX_LIBRARY = "libc++";
				CLANG_ENABLE_MODULES = YES;
				CLANG_ENABLE_OBJC_ARC = YES;
				CLANG_WARN_BOOL_CONVERSION = YES;
				CLANG_WARN_CONSTANT_CONVERSION = YES;
				CLANG_WARN_DIRECT_OBJC_ISA_USAGE = YES_ERROR;
				CLANG_WARN_EMPTY_BODY = YES;
				CLANG_WARN_ENUM_CONVERSION = YES;
				CLANG_WARN_INT_CONVERSION = YES;
				CLANG_WARN_OBJC_ROOT_CLASS = YES_ERROR;
				CLANG_WARN_UNREACHABLE_CODE = YES;
				CLANG_WARN__DUPLICATE_METHOD_MATCH = YES;
				"CODE_SIGN_IDENTITY[sdk=iphoneos*]" = "iPhone Developer";
				COPY_PHASE_STRIP = NO;
				ENABLE_STRICT_OBJC_MSGSEND = YES;
				GCC_C_LANGUAGE_STANDARD = gnu99;
				GCC_DYNAMIC_NO_PIC = NO;
				GCC_OPTIMIZATION_LEVEL = 0;
				GCC_PREPROCESSOR_DEFINITIONS = (
					"DEBUG=1",
					"$(inherited)",
				);
				GCC_SYMBOLS_PRIVATE_EXTERN = NO;
				GCC_WARN_64_TO_32_BIT_CONVERSION = YES;
				GCC_WARN_ABOUT_RETURN_TYPE = YES_ERROR;
				GCC_WARN_UNDECLARED_SELECTOR = YES;
				GCC_WARN_UNINITIALIZED_AUTOS = YES_AGGRESSIVE;
				GCC_WARN_UNUSED_FUNCTION = YES;
				GCC_WARN_UNUSED_VARIABLE = YES;
				IPHONEOS_DEPLOYMENT_TARGET = 8.0;
				MTL_ENABLE_DEBUG_INFO = YES;
				ONLY_ACTIVE_ARCH = YES;
				SDKROOT = iphoneos;
			};
			name = Debug;
		};
		7A43F8FD1A74732200501CC3 /* Release */ = {
			isa = XCBuildConfiguration;
			buildSettings = {
				ALWAYS_SEARCH_USER_PATHS = NO;
				CLANG_CXX_LANGUAGE_STANDARD = "gnu++0x";
				CLANG_CXX_LIBRARY = "libc++";
				CLANG_ENABLE_MODULES = YES;
				CLANG_ENABLE_OBJC_ARC = YES;
				CLANG_WARN_BOOL_CONVERSION = YES;
				CLANG_WARN_CONSTANT_CONVERSION = YES;
				CLANG_WARN_DIRECT_OBJC_ISA_USAGE = YES_ERROR;
				CLANG_WARN_EMPTY_BODY = YES;
				CLANG_WARN_ENUM_CONVERSION = YES;
				CLANG_WARN_INT_CONVERSION = YES;
				CLANG_WARN_OBJC_ROOT_CLASS = YES_ERROR;
				CLANG_WARN_UNREACHABLE_CODE = YES;
				CLANG_WARN__DUPLICATE_METHOD_MATCH = YES;
				"CODE_SIGN_IDENTITY[sdk=iphoneos*]" = "iPhone Developer";
				COPY_PHASE_STRIP = YES;
				ENABLE_NS_ASSERTIONS = NO;
				ENABLE_STRICT_OBJC_MSGSEND = YES;
				GCC_C_LANGUAGE_STANDARD = gnu99;
				GCC_WARN_64_TO_32_BIT_CONVERSION = YES;
				GCC_WARN_ABOUT_RETURN_TYPE = YES_ERROR;
				GCC_WARN_UNDECLARED_SELECTOR = YES;
				GCC_WARN_UNINITIALIZED_AUTOS = YES_AGGRESSIVE;
				GCC_WARN_UNUSED_FUNCTION = YES;
				GCC_WARN_UNUSED_VARIABLE = YES;
				IPHONEOS_DEPLOYMENT_TARGET = 8.0;
				MTL_ENABLE_DEBUG_INFO = NO;
				SDKROOT = iphoneos;
				VALIDATE_PRODUCT = YES;
			};
			name = Release;
		};
		7A43F8FF1A74732200501CC3 /* Debug */ = {
			isa = XCBuildConfiguration;
			baseConfigurationReference = 64F5692D88B1703234C73803 /* Pods.debug.xcconfig */;
			buildSettings = {
				ASSETCATALOG_COMPILER_APPICON_NAME = AppIcon;
				ASSETCATALOG_COMPILER_LAUNCHIMAGE_NAME = LaunchImage;
				CODE_SIGN_IDENTITY = "iPhone Developer";
				"CODE_SIGN_IDENTITY[sdk=iphoneos*]" = "iPhone Developer";
				FRAMEWORK_SEARCH_PATHS = (
					"$(inherited)",
					"$(PROJECT_DIR)",
				);
				INFOPLIST_FILE = MissedConnections/Info.plist;
				LD_RUNPATH_SEARCH_PATHS = "$(inherited) @executable_path/Frameworks";
				PRODUCT_NAME = "$(TARGET_NAME)";
				PROVISIONING_PROFILE = "";
			};
			name = Debug;
		};
		7A43F9001A74732200501CC3 /* Release */ = {
			isa = XCBuildConfiguration;
			baseConfigurationReference = 2A1DA86A4B7F3153A2B32059 /* Pods.release.xcconfig */;
			buildSettings = {
				ASSETCATALOG_COMPILER_APPICON_NAME = AppIcon;
				ASSETCATALOG_COMPILER_LAUNCHIMAGE_NAME = LaunchImage;
				CODE_SIGN_IDENTITY = "iPhone Developer";
				"CODE_SIGN_IDENTITY[sdk=iphoneos*]" = "iPhone Developer";
				FRAMEWORK_SEARCH_PATHS = (
					"$(inherited)",
					"$(PROJECT_DIR)",
				);
				INFOPLIST_FILE = MissedConnections/Info.plist;
				LD_RUNPATH_SEARCH_PATHS = "$(inherited) @executable_path/Frameworks";
				PRODUCT_NAME = "$(TARGET_NAME)";
				PROVISIONING_PROFILE = "";
			};
			name = Release;
		};
/* End XCBuildConfiguration section */

/* Begin XCConfigurationList section */
		7A43F8D61A74732200501CC3 /* Build configuration list for PBXProject "MissedConnections" */ = {
			isa = XCConfigurationList;
			buildConfigurations = (
				7A43F8FC1A74732200501CC3 /* Debug */,
				7A43F8FD1A74732200501CC3 /* Release */,
			);
			defaultConfigurationIsVisible = 0;
			defaultConfigurationName = Release;
		};
		7A43F8FE1A74732200501CC3 /* Build configuration list for PBXNativeTarget "MissedConnections" */ = {
			isa = XCConfigurationList;
			buildConfigurations = (
				7A43F8FF1A74732200501CC3 /* Debug */,
				7A43F9001A74732200501CC3 /* Release */,
			);
			defaultConfigurationIsVisible = 0;
			defaultConfigurationName = Release;
		};
/* End XCConfigurationList section */
	};
	rootObject = 7A43F8D31A74732200501CC3 /* Project object */;
}
